// !$*UTF8*$!
{
	archiveVersion = 1;
	classes = {
	};
	objectVersion = 46;
	objects = {

/* Begin PBXBuildFile section */
		42E4B0631E078D72001ABFBF /* main.swift in Sources */ = {isa = PBXBuildFile; fileRef = 42E4B0621E078D72001ABFBF /* main.swift */; };
		42E4B0731E07AEC9001ABFBF /* NSData+pg_common_aes_crypt.m in Sources */ = {isa = PBXBuildFile; fileRef = 42E4B0721E07AEC9001ABFBF /* NSData+pg_common_aes_crypt.m */; };
/* End PBXBuildFile section */

/* Begin PBXCopyFilesBuildPhase section */
		42E4B05D1E078D72001ABFBF /* CopyFiles */ = {
			isa = PBXCopyFilesBuildPhase;
			buildActionMask = 2147483647;
			dstPath = /usr/share/man/man1/;
			dstSubfolderSpec = 0;
			files = (
			);
			runOnlyForDeploymentPostprocessing = 1;
		};
/* End PBXCopyFilesBuildPhase section */

/* Begin PBXFileReference section */
		42E4B05F1E078D72001ABFBF /* cctool */ = {isa = PBXFileReference; explicitFileType = "compiled.mach-o.executable"; includeInIndex = 0; path = cctool; sourceTree = BUILT_PRODUCTS_DIR; };
		42E4B0621E078D72001ABFBF /* main.swift */ = {isa = PBXFileReference; lastKnownFileType = sourcecode.swift; path = main.swift; sourceTree = "<group>"; };
		42E4B0711E07AEC9001ABFBF /* NSData+pg_common_aes_crypt.h */ = {isa = PBXFileReference; fileEncoding = 4; lastKnownFileType = sourcecode.c.h; path = "NSData+pg_common_aes_crypt.h"; sourceTree = "<group>"; };
		42E4B0721E07AEC9001ABFBF /* NSData+pg_common_aes_crypt.m */ = {isa = PBXFileReference; fileEncoding = 4; lastKnownFileType = sourcecode.c.objc; path = "NSData+pg_common_aes_crypt.m"; sourceTree = "<group>"; };
		42E4B0741E07AF44001ABFBF /* cctool-Bridging-Header.h */ = {isa = PBXFileReference; lastKnownFileType = sourcecode.c.h; path = "cctool-Bridging-Header.h"; sourceTree = "<group>"; };
/* End PBXFileReference section */

/* Begin PBXFrameworksBuildPhase section */
		42E4B05C1E078D72001ABFBF /* Frameworks */ = {
			isa = PBXFrameworksBuildPhase;
			buildActionMask = 2147483647;
			files = (
			);
			runOnlyForDeploymentPostprocessing = 0;
		};
/* End PBXFrameworksBuildPhase section */

/* Begin PBXGroup section */
		42E4B0561E078D72001ABFBF = {
			isa = PBXGroup;
			children = (
				42E4B0611E078D72001ABFBF /* cctool */,
				42E4B0601E078D72001ABFBF /* Products */,
			);
			sourceTree = "<group>";
		};
		42E4B0601E078D72001ABFBF /* Products */ = {
			isa = PBXGroup;
			children = (
				42E4B05F1E078D72001ABFBF /* cctool */,
			);
			name = Products;
			sourceTree = "<group>";
		};
		42E4B0611E078D72001ABFBF /* cctool */ = {
			isa = PBXGroup;
			children = (
				42E4B0741E07AF44001ABFBF /* cctool-Bridging-Header.h */,
				42E4B0621E078D72001ABFBF /* main.swift */,
				42E4B0701E07AEC9001ABFBF /* ObjC */,
			);
			path = cctool;
			sourceTree = "<group>";
		};
		42E4B0701E07AEC9001ABFBF /* ObjC */ = {
			isa = PBXGroup;
			children = (
				42E4B0711E07AEC9001ABFBF /* NSData+pg_common_aes_crypt.h */,
				42E4B0721E07AEC9001ABFBF /* NSData+pg_common_aes_crypt.m */,
			);
			path = ObjC;
			sourceTree = "<group>";
		};
/* End PBXGroup section */

/* Begin PBXNativeTarget section */
		42E4B05E1E078D72001ABFBF /* cctool */ = {
			isa = PBXNativeTarget;
			buildConfigurationList = 42E4B0661E078D72001ABFBF /* Build configuration list for PBXNativeTarget "cctool" */;
			buildPhases = (
				42E4B05B1E078D72001ABFBF /* Sources */,
				42E4B05C1E078D72001ABFBF /* Frameworks */,
				42E4B05D1E078D72001ABFBF /* CopyFiles */,
			);
			buildRules = (
			);
			dependencies = (
			);
			name = cctool;
			productName = cctool;
			productReference = 42E4B05F1E078D72001ABFBF /* cctool */;
			productType = "com.apple.product-type.tool";
		};
/* End PBXNativeTarget section */

/* Begin PBXProject section */
		42E4B0571E078D72001ABFBF /* Project object */ = {
			isa = PBXProject;
			attributes = {
				LastSwiftUpdateCheck = 0810;
				LastUpgradeCheck = 0810;
				ORGANIZATIONNAME = Cc;
				TargetAttributes = {
					42E4B05E1E078D72001ABFBF = {
						CreatedOnToolsVersion = 8.1;
						ProvisioningStyle = Automatic;
					};
				};
			};
			buildConfigurationList = 42E4B05A1E078D72001ABFBF /* Build configuration list for PBXProject "cctool" */;
			compatibilityVersion = "Xcode 3.2";
			developmentRegion = English;
			hasScannedForEncodings = 0;
			knownRegions = (
				en,
			);
			mainGroup = 42E4B0561E078D72001ABFBF;
			productRefGroup = 42E4B0601E078D72001ABFBF /* Products */;
			projectDirPath = "";
			projectRoot = "";
			targets = (
				42E4B05E1E078D72001ABFBF /* cctool */,
			);
		};
/* End PBXProject section */

/* Begin PBXSourcesBuildPhase section */
		42E4B05B1E078D72001ABFBF /* Sources */ = {
			isa = PBXSourcesBuildPhase;
			buildActionMask = 2147483647;
			files = (
				42E4B0631E078D72001ABFBF /* main.swift in Sources */,
				42E4B0731E07AEC9001ABFBF /* NSData+pg_common_aes_crypt.m in Sources */,
			);
			runOnlyForDeploymentPostprocessing = 0;
		};
/* End PBXSourcesBuildPhase section */

/* Begin XCBuildConfiguration section */
		42E4B0641E078D72001ABFBF /* Debug */ = {
			isa = XCBuildConfiguration;
			buildSettings = {
				ALWAYS_SEARCH_USER_PATHS = NO;
				CLANG_ANALYZER_NONNULL = YES;
				CLANG_CXX_LANGUAGE_STANDARD = "gnu++0x";
				CLANG_CXX_LIBRARY = "libc++";
				CLANG_ENABLE_MODULES = YES;
				CLANG_ENABLE_OBJC_ARC = YES;
				CLANG_WARN_BOOL_CONVERSION = YES;
				CLANG_WARN_CONSTANT_CONVERSION = YES;
				CLANG_WARN_DIRECT_OBJC_ISA_USAGE = YES_ERROR;
				CLANG_WARN_DOCUMENTATION_COMMENTS = YES;
				CLANG_WARN_EMPTY_BODY = YES;
				CLANG_WARN_ENUM_CONVERSION = YES;
				CLANG_WARN_INFINITE_RECURSION = YES;
				CLANG_WARN_INT_CONVERSION = YES;
				CLANG_WARN_OBJC_ROOT_CLASS = YES_ERROR;
				CLANG_WARN_SUSPICIOUS_MOVES = YES;
				CLANG_WARN_UNREACHABLE_CODE = YES;
				CLANG_WARN__DUPLICATE_METHOD_MATCH = YES;
				CODE_SIGN_IDENTITY = "-";
				COPY_PHASE_STRIP = NO;
				DEBUG_INFORMATION_FORMAT = dwarf;
				ENABLE_STRICT_OBJC_MSGSEND = YES;
				ENABLE_TESTABILITY = YES;
				GCC_C_LANGUAGE_STANDARD = gnu99;
				GCC_DYNAMIC_NO_PIC = NO;
				GCC_NO_COMMON_BLOCKS = YES;
				GCC_OPTIMIZATION_LEVEL = 0;
				GCC_PREPROCESSOR_DEFINITIONS = (
					"DEBUG=1",
					"$(inherited)",
				);
				GCC_WARN_64_TO_32_BIT_CONVERSION = YES;
				GCC_WARN_ABOUT_RETURN_TYPE = YES_ERROR;
				GCC_WARN_UNDECLARED_SELECTOR = YES;
				GCC_WARN_UNINITIALIZED_AUTOS = YES_AGGRESSIVE;
				GCC_WARN_UNUSED_FUNCTION = YES;
				GCC_WARN_UNUSED_VARIABLE = YES;
				MACOSX_DEPLOYMENT_TARGET = 10.12;
				MTL_ENABLE_DEBUG_INFO = YES;
				ONLY_ACTIVE_ARCH = YES;
				SDKROOT = macosx;
				SWIFT_OPTIMIZATION_LEVEL = "-Onone";
			};
			name = Debug;
		};
		42E4B0651E078D72001ABFBF /* Release */ = {
			isa = XCBuildConfiguration;
			buildSettings = {
				ALWAYS_SEARCH_USER_PATHS = NO;
				CLANG_ANALYZER_NONNULL = YES;
				CLANG_CXX_LANGUAGE_STANDARD = "gnu++0x";
				CLANG_CXX_LIBRARY = "libc++";
				CLANG_ENABLE_MODULES = YES;
				CLANG_ENABLE_OBJC_ARC = YES;
				CLANG_WARN_BOOL_CONVERSION = YES;
				CLANG_WARN_CONSTANT_CONVERSION = YES;
				CLANG_WARN_DIRECT_OBJC_ISA_USAGE = YES_ERROR;
				CLANG_WARN_DOCUMENTATION_COMMENTS = YES;
				CLANG_WARN_EMPTY_BODY = YES;
				CLANG_WARN_ENUM_CONVERSION = YES;
				CLANG_WARN_INFINITE_RECURSION = YES;
				CLANG_WARN_INT_CONVERSION = YES;
				CLANG_WARN_OBJC_ROOT_CLASS = YES_ERROR;
				CLANG_WARN_SUSPICIOUS_MOVES = YES;
				CLANG_WARN_UNREACHABLE_CODE = YES;
				CLANG_WARN__DUPLICATE_METHOD_MATCH = YES;
				CODE_SIGN_IDENTITY = "-";
				COPY_PHASE_STRIP = NO;
				DEBUG_INFORMATION_FORMAT = "dwarf-with-dsym";
				ENABLE_NS_ASSERTIONS = NO;
				ENABLE_STRICT_OBJC_MSGSEND = YES;
				GCC_C_LANGUAGE_STANDARD = gnu99;
				GCC_NO_COMMON_BLOCKS = YES;
				GCC_WARN_64_TO_32_BIT_CONVERSION = YES;
				GCC_WARN_ABOUT_RETURN_TYPE = YES_ERROR;
				GCC_WARN_UNDECLARED_SELECTOR = YES;
				GCC_WARN_UNINITIALIZED_AUTOS = YES_AGGRESSIVE;
				GCC_WARN_UNUSED_FUNCTION = YES;
				GCC_WARN_UNUSED_VARIABLE = YES;
				MACOSX_DEPLOYMENT_TARGET = 10.12;
				MTL_ENABLE_DEBUG_INFO = NO;
				SDKROOT = macosx;
			};
			name = Release;
		};
		42E4B0671E078D72001ABFBF /* Debug */ = {
			isa = XCBuildConfiguration;
			buildSettings = {
				PRODUCT_NAME = "$(TARGET_NAME)";
				SWIFT_OBJC_BRIDGING_HEADER = "cctool/cctool-Bridging-Header.h";
				SWIFT_VERSION = 3.0;
			};
			name = Debug;
		};
		42E4B0681E078D72001ABFBF /* Release */ = {
			isa = XCBuildConfiguration;
			buildSettings = {
				PRODUCT_NAME = "$(TARGET_NAME)";
				SWIFT_OBJC_BRIDGING_HEADER = "cctool/cctool-Bridging-Header.h";
				SWIFT_VERSION = 3.0;
			};
			name = Release;
		};
/* End XCBuildConfiguration section */

/* Begin XCConfigurationList section */
		42E4B05A1E078D72001ABFBF /* Build configuration list for PBXProject "cctool" */ = {
			isa = XCConfigurationList;
			buildConfigurations = (
				42E4B0641E078D72001ABFBF /* Debug */,
				42E4B0651E078D72001ABFBF /* Release */,
			);
			defaultConfigurationIsVisible = 0;
			defaultConfigurationName = Release;
		};
		42E4B0661E078D72001ABFBF /* Build configuration list for PBXNativeTarget "cctool" */ = {
			isa = XCConfigurationList;
			buildConfigurations = (
				42E4B0671E078D72001ABFBF /* Debug */,
				42E4B0681E078D72001ABFBF /* Release */,
			);
			defaultConfigurationIsVisible = 0;
			defaultConfigurationName = Release;
		};
/* End XCConfigurationList section */
	};
	rootObject = 42E4B0571E078D72001ABFBF /* Project object */;
}
